
Microsoft Visual Studio Solution File, Format Version 12.00
# Visual Studio Version 16
VisualStudioVersion = 16.0.29509.3
MinimumVisualStudioVersion = 10.0.40219.1
Project("{8BC9CEB8-8B4A-11D0-8D11-00A0C91BC942}") = "daemon", "src\daemon\daemon.vcxproj", "{637D26F0-BA40-4158-9F4E-661D2D423129}"
EndProject
Project("{8BC9CEB8-8B4A-11D0-8D11-00A0C91BC942}") = "cli", "src\cli\cli.vcxproj", "{86C8203A-B830-4C5D-B496-96DC6E81FC86}"
EndProject
Project("{2150E333-8FDC-42A3-9474-1A3956D46DE8}") = "Solution Items", "Solution Items", "{7A1F9871-FD69-430B-A5B5-7D58A84720DA}"
	ProjectSection(SolutionItems) = preProject
		script\appc.sh = script\appc.sh
		script\appmgr-entrypoint.sh = script\appmgr-entrypoint.sh
		script\appmgr.initd.sh = script\appmgr.initd.sh
		script\appmgr.systemd.service = script\appmgr.systemd.service
		autogen.sh = autogen.sh
		doc\CONSUL.md = doc\CONSUL.md
		Dockerfile = Dockerfile
		doc\JWT_DESC.md = doc\JWT_DESC.md
		make.def = make.def
		Makefile = Makefile
		src\common\Makefile = src\common\Makefile
		doc\PROMETHEUS.md = doc\PROMETHEUS.md
		README.md = README.md
		script\rpm_post_install.sh = script\rpm_post_install.sh
		script\rpm_post_uninstall.sh = script\rpm_post_uninstall.sh
		script\rpm_pre_uninstall.sh = script\rpm_pre_uninstall.sh
		ssl\ssl_cert_generate.sh = ssl\ssl_cert_generate.sh
		script\update.gcc83.sh = script\update.gcc83.sh
		script\update.openssl111d.sh = script\update.openssl111d.sh
		doc\USER_ROLE_DESC.md = doc\USER_ROLE_DESC.md
	EndProjectSection
EndProject
Project("{8BC9CEB8-8B4A-11D0-8D11-00A0C91BC942}") = "prom_exporter", "src\prom_exporter\prom_exporter.vcxproj", "{FCD99B02-8D44-457F-98E1-E7F78B0D9BD6}"
EndProject
Global
	GlobalSection(SolutionConfigurationPlatforms) = preSolution
		Debug|x64 = Debug|x64
		Debug|x86 = Debug|x86
		Release|x64 = Release|x64
		Release|x86 = Release|x86
	EndGlobalSection
	GlobalSection(ProjectConfigurationPlatforms) = postSolution
		{637D26F0-BA40-4158-9F4E-661D2D423129}.Debug|x64.ActiveCfg = Debug|x64
		{637D26F0-BA40-4158-9F4E-661D2D423129}.Debug|x64.Build.0 = Debug|x64
		{637D26F0-BA40-4158-9F4E-661D2D423129}.Debug|x86.ActiveCfg = Debug|x86
		{637D26F0-BA40-4158-9F4E-661D2D423129}.Debug|x86.Build.0 = Debug|x86
		{637D26F0-BA40-4158-9F4E-661D2D423129}.Release|x64.ActiveCfg = Release|x64
		{637D26F0-BA40-4158-9F4E-661D2D423129}.Release|x64.Build.0 = Release|x64
		{637D26F0-BA40-4158-9F4E-661D2D423129}.Release|x86.ActiveCfg = Release|x86
		{637D26F0-BA40-4158-9F4E-661D2D423129}.Release|x86.Build.0 = Release|x86
		{86C8203A-B830-4C5D-B496-96DC6E81FC86}.Debug|x64.ActiveCfg = Debug|x64
		{86C8203A-B830-4C5D-B496-96DC6E81FC86}.Debug|x64.Build.0 = Debug|x64
		{86C8203A-B830-4C5D-B496-96DC6E81FC86}.Debug|x86.ActiveCfg = Debug|x86
		{86C8203A-B830-4C5D-B496-96DC6E81FC86}.Debug|x86.Build.0 = Debug|x86
		{86C8203A-B830-4C5D-B496-96DC6E81FC86}.Release|x64.ActiveCfg = Release|x64
		{86C8203A-B830-4C5D-B496-96DC6E81FC86}.Release|x64.Build.0 = Release|x64
		{86C8203A-B830-4C5D-B496-96DC6E81FC86}.Release|x86.ActiveCfg = Release|x86
		{86C8203A-B830-4C5D-B496-96DC6E81FC86}.Release|x86.Build.0 = Release|x86
		{FCD99B02-8D44-457F-98E1-E7F78B0D9BD6}.Debug|x64.ActiveCfg = Debug|x64
		{FCD99B02-8D44-457F-98E1-E7F78B0D9BD6}.Debug|x64.Build.0 = Debug|x64
		{FCD99B02-8D44-457F-98E1-E7F78B0D9BD6}.Debug|x64.Deploy.0 = Debug|x64
		{FCD99B02-8D44-457F-98E1-E7F78B0D9BD6}.Debug|x86.ActiveCfg = Debug|x86
		{FCD99B02-8D44-457F-98E1-E7F78B0D9BD6}.Debug|x86.Build.0 = Debug|x86
		{FCD99B02-8D44-457F-98E1-E7F78B0D9BD6}.Debug|x86.Deploy.0 = Debug|x86
		{FCD99B02-8D44-457F-98E1-E7F78B0D9BD6}.Release|x64.ActiveCfg = Release|x64
		{FCD99B02-8D44-457F-98E1-E7F78B0D9BD6}.Release|x64.Build.0 = Release|x64
		{FCD99B02-8D44-457F-98E1-E7F78B0D9BD6}.Release|x64.Deploy.0 = Release|x64
		{FCD99B02-8D44-457F-98E1-E7F78B0D9BD6}.Release|x86.ActiveCfg = Release|x86
		{FCD99B02-8D44-457F-98E1-E7F78B0D9BD6}.Release|x86.Build.0 = Release|x86
		{FCD99B02-8D44-457F-98E1-E7F78B0D9BD6}.Release|x86.Deploy.0 = Release|x86
	EndGlobalSection
	GlobalSection(SolutionProperties) = preSolution
		HideSolutionNode = FALSE
	EndGlobalSection
	GlobalSection(ExtensibilityGlobals) = postSolution
		SolutionGuid = {138F3DEC-4C89-491E-9235-716FEA4890EA}
	EndGlobalSection
EndGlobal
