<?xml version="1.0" encoding="utf-8"?>
<Project ToolsVersion="4.0" xmlns="http://schemas.microsoft.com/developer/msbuild/2003">
  <ItemGroup>
    <ClCompile Include="Configuration.cpp" />
    <ClCompile Include="DailyLimitation.cpp" />
    <ClCompile Include="LinuxCgroup.cpp" />
    <ClCompile Include="main.cpp" />
    <ClCompile Include="ResourceCollection.cpp" />
    <ClCompile Include="ResourceLimitation.cpp" />
    <ClCompile Include="RestHandler.cpp" />
    <ClCompile Include="..\common\Utility.cpp">
      <Filter>common</Filter>
    </ClCompile>
    <ClCompile Include="..\common\TimeZoneHelper.cpp">
      <Filter>common</Filter>
    </ClCompile>
    <ClCompile Include="TimerHandler.cpp" />
    <ClCompile Include="Application.cpp">
      <Filter>application</Filter>
    </ClCompile>
    <ClCompile Include="ApplicationPeriodRun.cpp">
      <Filter>application</Filter>
    </ClCompile>
    <ClCompile Include="ApplicationShortRun.cpp">
      <Filter>application</Filter>
    </ClCompile>
    <ClCompile Include="DockerProcess.cpp">
      <Filter>process</Filter>
    </ClCompile>
    <ClCompile Include="MonitoredProcess.cpp">
      <Filter>process</Filter>
    </ClCompile>
    <ClCompile Include="AppProcess.cpp">
      <Filter>process</Filter>
    </ClCompile>
    <ClCompile Include="..\common\HttpRequest.cpp">
      <Filter>common</Filter>
    </ClCompile>
    <ClCompile Include="User.cpp">
      <Filter>security</Filter>
    </ClCompile>
    <ClCompile Include="Role.cpp">
      <Filter>security</Filter>
    </ClCompile>
    <ClCompile Include="PrometheusRest.cpp" />
    <ClCompile Include="Label.cpp" />
  </ItemGroup>
  <ItemGroup>
    <ClInclude Include="Configuration.h" />
    <ClInclude Include="DailyLimitation.h" />
    <ClInclude Include="LinuxCgroup.h" />
    <ClInclude Include="ResourceCollection.h" />
    <ClInclude Include="ResourceLimitation.h" />
    <ClInclude Include="RestHandler.h" />
    <ClInclude Include="..\common\os\net.hpp">
      <Filter>common\os</Filter>
    </ClInclude>
    <ClInclude Include="..\common\os\process.hpp">
      <Filter>common\os</Filter>
    </ClInclude>
    <ClInclude Include="..\common\os\pstree.hpp">
      <Filter>common\os</Filter>
    </ClInclude>
    <ClInclude Include="..\common\os\linux.hpp">
      <Filter>common\os</Filter>
    </ClInclude>
    <ClInclude Include="..\common\Utility.h">
      <Filter>common</Filter>
    </ClInclude>
    <ClInclude Include="..\common\TimeZoneHelper.h">
      <Filter>common</Filter>
    </ClInclude>
    <ClInclude Include="TimerHandler.h" />
    <ClInclude Include="..\common\jwt-cpp\base.h">
      <Filter>common\jwt-cpp</Filter>
    </ClInclude>
    <ClInclude Include="..\common\jwt-cpp\jwt.h">
      <Filter>common\jwt-cpp</Filter>
    </ClInclude>
    <ClInclude Include="..\common\jwt-cpp\picojson.h">
      <Filter>common\jwt-cpp</Filter>
    </ClInclude>
    <ClInclude Include="..\common\os\chown.hpp">
      <Filter>common\os</Filter>
    </ClInclude>
    <ClInclude Include="Application.h">
      <Filter>application</Filter>
    </ClInclude>
    <ClInclude Include="ApplicationPeriodRun.h">
      <Filter>application</Filter>
    </ClInclude>
    <ClInclude Include="ApplicationShortRun.h">
      <Filter>application</Filter>
    </ClInclude>
    <ClInclude Include="DockerProcess.h">
      <Filter>process</Filter>
    </ClInclude>
    <ClInclude Include="MonitoredProcess.h">
      <Filter>process</Filter>
    </ClInclude>
    <ClInclude Include="..\common\date.h">
      <Filter>common</Filter>
    </ClInclude>
    <ClInclude Include="AppProcess.h">
      <Filter>process</Filter>
    </ClInclude>
    <ClInclude Include="..\common\HttpRequest.h">
      <Filter>common</Filter>
    </ClInclude>
    <ClInclude Include="User.h">
      <Filter>security</Filter>
    </ClInclude>
    <ClInclude Include="Role.h">
      <Filter>security</Filter>
    </ClInclude>
    <ClInclude Include="PrometheusRest.h" />
    <ClInclude Include="Label.h" />
  </ItemGroup>
  <ItemGroup>
    <None Include="appsvc.json" />
    <None Include="Makefile" />
    <None Include="..\common\Makefile">
      <Filter>common</Filter>
    </None>
  </ItemGroup>
  <ItemGroup>
    <Filter Include="common">
      <UniqueIdentifier>{6bc39c78-a77e-458f-b5a3-2e4d1c6fb228}</UniqueIdentifier>
    </Filter>
    <Filter Include="common\jwt-cpp">
      <UniqueIdentifier>{facf9041-1082-43d6-9cd6-670a0f5a8f5f}</UniqueIdentifier>
    </Filter>
    <Filter Include="common\os">
      <UniqueIdentifier>{22cd69f3-0570-4dd3-9f77-5c02bbd4d736}</UniqueIdentifier>
    </Filter>
    <Filter Include="security">
      <UniqueIdentifier>{ef7fd838-04b6-44ba-8996-92b700893aac}</UniqueIdentifier>
    </Filter>
    <Filter Include="process">
      <UniqueIdentifier>{1c95d5db-416a-4375-b8a3-c5f7f8657113}</UniqueIdentifier>
    </Filter>
    <Filter Include="application">
      <UniqueIdentifier>{2a00d72f-3f11-477e-804f-35a80990a09d}</UniqueIdentifier>
    </Filter>
  </ItemGroup>
</Project>