<?xml version="1.0" encoding="utf-8"?>
<Project ToolsVersion="4.0" xmlns="http://schemas.microsoft.com/developer/msbuild/2003">
  <ItemGroup>
    <ClCompile Include="Application.cpp" />
    <ClCompile Include="ApplicationPeriodRun.cpp" />
    <ClCompile Include="ApplicationShortRun.cpp" />
    <ClCompile Include="Configuration.cpp" />
    <ClCompile Include="DailyLimitation.cpp" />
    <ClCompile Include="LinuxCgroup.cpp" />
    <ClCompile Include="main.cpp" />
    <ClCompile Include="MonitoredProcess.cpp" />
    <ClCompile Include="Process.cpp" />
    <ClCompile Include="ResourceCollection.cpp" />
    <ClCompile Include="ResourceLimitation.cpp" />
    <ClCompile Include="RestHandler.cpp" />
    <ClCompile Include="..\common\Utility.cpp">
      <Filter>common</Filter>
    </ClCompile>
    <ClCompile Include="..\common\TimeZoneHelper.cpp">
      <Filter>common</Filter>
    </ClCompile>
    <ClCompile Include="TimerHandler.cpp" />
  </ItemGroup>
  <ItemGroup>
    <ClInclude Include="Application.h" />
    <ClInclude Include="ApplicationPeriodRun.h" />
    <ClInclude Include="ApplicationShortRun.h" />
    <ClInclude Include="Configuration.h" />
    <ClInclude Include="DailyLimitation.h" />
    <ClInclude Include="LinuxCgroup.h" />
    <ClInclude Include="MonitoredProcess.h" />
    <ClInclude Include="Process.h" />
    <ClInclude Include="ResourceCollection.h" />
    <ClInclude Include="ResourceLimitation.h" />
    <ClInclude Include="RestHandler.h" />
    <ClInclude Include="..\common\os\net.hpp">
      <Filter>os</Filter>
    </ClInclude>
    <ClInclude Include="..\common\os\process.hpp">
      <Filter>os</Filter>
    </ClInclude>
    <ClInclude Include="..\common\os\pstree.hpp">
      <Filter>os</Filter>
    </ClInclude>
    <ClInclude Include="..\common\os\linux.hpp">
      <Filter>os</Filter>
    </ClInclude>
    <ClInclude Include="..\common\Utility.h">
      <Filter>common</Filter>
    </ClInclude>
    <ClInclude Include="..\common\TimeZoneHelper.h">
      <Filter>common</Filter>
    </ClInclude>
    <ClInclude Include="TimerHandler.h" />
  </ItemGroup>
  <ItemGroup>
    <None Include="appsvc.json" />
    <None Include="Makefile" />
  </ItemGroup>
  <ItemGroup>
    <Filter Include="os">
      <UniqueIdentifier>{22cd69f3-0570-4dd3-9f77-5c02bbd4d736}</UniqueIdentifier>
    </Filter>
    <Filter Include="common">
      <UniqueIdentifier>{6bc39c78-a77e-458f-b5a3-2e4d1c6fb228}</UniqueIdentifier>
    </Filter>
  </ItemGroup>
</Project>